
Microsoft Visual Studio Solution File, Format Version 12.00
# Visual Studio Version 17
VisualStudioVersion = 17.4.33213.308
MinimumVisualStudioVersion = 10.0.40219.1
Project("{FAE04EC0-301F-11D3-BF4B-00C04F79EFBC}") = "Test_area", "Test_area\Test_area.csproj", "{143B116C-CDD2-4B46-A771-8466DBE8641C}"
EndProject
Global
	GlobalSection(SolutionConfigurationPlatforms) = preSolution
		Debug|Any CPU = Debug|Any CPU
		Release|Any CPU = Release|Any CPU
	EndGlobalSection
	GlobalSection(ProjectConfigurationPlatforms) = postSolution
		{143B116C-CDD2-4B46-A771-8466DBE8641C}.Debug|Any CPU.ActiveCfg = Debug|Any CPU
		{143B116C-CDD2-4B46-A771-8466DBE8641C}.Debug|Any CPU.Build.0 = Debug|Any CPU
		{143B116C-CDD2-4B46-A771-8466DBE8641C}.Release|Any CPU.ActiveCfg = Release|Any CPU
		{143B116C-CDD2-4B46-A771-8466DBE8641C}.Release|Any CPU.Build.0 = Release|Any CPU
	EndGlobalSection
	GlobalSection(SolutionProperties) = preSolution
		HideSolutionNode = FALSE
	EndGlobalSection
	GlobalSection(ExtensibilityGlobals) = postSolution
		SolutionGuid = {423EB6A6-0012-4BE7-9405-AA9CFD3D7E84}
	EndGlobalSection
EndGlobal
